
Microsoft Visual Studio Solution File, Format Version 12.00
# Visual Studio Version 17
VisualStudioVersion = 17.3.32922.545
MinimumVisualStudioVersion = 10.0.40219.1
Project("{FAE04EC0-301F-11D3-BF4B-00C04F79EFBC}") = "KrakenZ Tweaker", "KrakenZ Tweaker.csproj", "{47C4C25A-3048-42FD-BA2E-DE0365758391}"
EndProject
Global
	GlobalSection(SolutionConfigurationPlatforms) = preSolution
		Debug|Any CPU = Debug|Any CPU
		Debug|x64 = Debug|x64
		Release|Any CPU = Release|Any CPU
		Release|x64 = Release|x64
	EndGlobalSection
	GlobalSection(ProjectConfigurationPlatforms) = postSolution
		{47C4C25A-3048-42FD-BA2E-DE0365758391}.Debug|Any CPU.ActiveCfg = Debug|Any CPU
		{47C4C25A-3048-42FD-BA2E-DE0365758391}.Debug|Any CPU.Build.0 = Debug|Any CPU
		{47C4C25A-3048-42FD-BA2E-DE0365758391}.Debug|x64.ActiveCfg = Debug|x64
		{47C4C25A-3048-42FD-BA2E-DE0365758391}.Debug|x64.Build.0 = Debug|x64
		{47C4C25A-3048-42FD-BA2E-DE0365758391}.Release|Any CPU.ActiveCfg = Release|Any CPU
		{47C4C25A-3048-42FD-BA2E-DE0365758391}.Release|Any CPU.Build.0 = Release|Any CPU
		{47C4C25A-3048-42FD-BA2E-DE0365758391}.Release|x64.ActiveCfg = Release|x64
		{47C4C25A-3048-42FD-BA2E-DE0365758391}.Release|x64.Build.0 = Release|x64
	EndGlobalSection
	GlobalSection(SolutionProperties) = preSolution
		HideSolutionNode = FALSE
	EndGlobalSection
	GlobalSection(ExtensibilityGlobals) = postSolution
		SolutionGuid = {142A5A32-9622-4308-97E5-AD1FF56F1934}
	EndGlobalSection
EndGlobal
